schema: '2.0'
stages:
  data_processing:
    cmd: python -m src.components.data_processing
    deps:
    - path: config/config.yaml
      hash: md5
      md5: 9aa1f26e903405e79448d563a2a3ccdc
      size: 536
    - path: data/raw/images
      hash: md5
      md5: 9dc4cb1700ebd6d8c89682e682aff6a4.dir
      size: 1661580918
      nfiles: 12446
    - path: data/raw/kidneyData.csv
      hash: md5
      md5: f5c8e0c15deaaba15b96f88abe096473
      size: 1505319
    - path: src/components/data_processing.py
      hash: md5
      md5: 5623841dd675c48e8321516a5cbf7c55
      size: 1867
    params:
      params.yaml:
        data_processing.random_state: 27
        data_processing.relation_map:
          0: Cyst
          1: Normal
          2: Stone
          3: Tumor
        data_processing.target_mapping:
          0: 0
          1: 0
          2: 0
          3: 1
        data_processing.test_size: 0.2
    outs:
    - path: data/final/test.csv
      hash: md5
      md5: bd3c96870449a3ffb9140f04c0f79e7a
      size: 46720
    - path: data/final/train.csv
      hash: md5
      md5: 533b925b34d5822643707228a2865ce5
      size: 186754
  model_building:
    cmd: python -m src.components.model_building
    deps:
    - path: config/config.yaml
      hash: md5
      md5: 2fd0ed2d8df075b2ba2cc89326c0252d
      size: 839
    - path: src/components/model_building.py
      hash: md5
      md5: 317ad57dfd9760c32f77f91cd756894c
      size: 3487
    params:
      params.yaml:
        binaryclass_model_training.learning_rate: 0.01
        model_building.binary_loss: binary_crossentropy
        model_building.img_height: 224
        model_building.img_width: 224
        model_building.metrics:
        - accuracy
        model_building.multi_loss: sparse_categorical_crossentropy
        model_building.num_classes: 4
        model_building.optimizer: Adam
        multiclass_model_training.learning_rate: 0.01
    outs:
    - path: models/binaryclass/base_binary_model.keras
      hash: md5
      md5: df721eb1282ec88169f60d4c10783f98
      size: 94785960
    - path: models/multiclass/base_multi_model.keras
      hash: md5
      md5: dcbc604138cb1bc32b8b1ff821553180
      size: 94810560
  model_training:
    cmd: python -m src.components.model_training
    deps:
    - path: config/config.yaml
      hash: md5
      md5: 5c721562b650ed52b6fcefeca9065329
      size: 1097
    - path: src/components/model_training.py
      hash: md5
      md5: b9e2f9aea170f9c73d9aa619f3ee9710
      size: 5028
    params:
      params.yaml:
        model_training.batch_size: 16
        model_training.epochs: 1
        model_training.learning_rate: 0.005
    outs:
    - path: models/binaryclass/trained_binary_model.keras
      hash: md5
      md5: d99d29dca9e274ffad71b7366d201846
      size: 94808272
    - path: models/multiclass/trained_multiclass_model.keras
      hash: md5
      md5: 6a99c575ab87f8c7d1ed1e52e7e349ce
      size: 11
  model_evaluation:
    cmd: python -m src.components.model_evaluation
    deps:
    - path: config/config.yaml
      hash: md5
      md5: 5c721562b650ed52b6fcefeca9065329
      size: 1097
    - path: src/components/model_evaluation.py
      hash: md5
      md5: 74f3c989845b4532444dd3aff3adee12
      size: 7899
  binaryclass_training:
    cmd: python -m src.components.binaryclassification.binaryclass_training
    deps:
    - path: config/config.yaml
      hash: md5
      md5: 9aa1f26e903405e79448d563a2a3ccdc
      size: 536
    - path: src/components/binaryclassification/binaryclass_training.py
      hash: md5
      md5: 749f44f8664b26bb749fd4ec305436f4
      size: 1772
    params:
      params.yaml:
        basic_model_params.img_height: 224
        basic_model_params.img_width: 224
        binaryclass_model_params.batch_size: 64
        binaryclass_model_params.epochs: 10
        binaryclass_model_params.learning_rate: 0.001
        binaryclass_model_params.loss: binary_crossentropy
        binaryclass_model_params.metrics:
        - accuracy
        binaryclass_model_params.optimizer: Adamax
    outs:
    - path: models/binaryclass/binarymodel_weights.h5
      hash: md5
      md5: cf9515ffd31c4bb3e1955deff172b61e
      size: 16825616
  multiclass_training:
    cmd: python -m src.components.multiclassification.multiclass_training
    deps:
    - path: config/config.yaml
      hash: md5
      md5: 9aa1f26e903405e79448d563a2a3ccdc
      size: 536
    - path: src/components/multiclassification/multiclass_training.py
      hash: md5
      md5: fa990bfec13163b1ed93b81527bbf25c
      size: 1900
    params:
      params.yaml:
        basic_model_params.img_height: 224
        basic_model_params.img_width: 224
        multiclass_model_params.batch_size: 64
        multiclass_model_params.epochs: 10
        multiclass_model_params.learning_rate: 0.001
        multiclass_model_params.loss: sparse_categorical_crossentropy
        multiclass_model_params.metrics:
        - accuracy
        multiclass_model_params.optimizer: Adamax
    outs:
    - path: models/multiclass/multimodel_weights.h5
      hash: md5
      md5: 3a8dee58fa4d5f9475f784a825e46bd1
      size: 16826576
  binaryclass_evaluation:
    cmd: python -m src.components.binaryclassification.binarymodel_evaluation
    deps:
    - path: config/config.yaml
      hash: md5
      md5: 9aa1f26e903405e79448d563a2a3ccdc
      size: 536
    - path: src/components/binaryclassification/binarymodel_evaluation.py
      hash: md5
      md5: 5d84248b1ea6168f29aea6f7a23007cb
      size: 3754
    params:
      params.yaml:
        binaryclass_model_params.experiment_name: binaryclass_CNNs
        binaryclass_model_params.run_name: EfficientNETB0_Evaluation_1
  multiclass_evaluation:
    cmd: python -m src.components.multiclassification.multimodel_evaluation
    deps:
    - path: src/components/multiclassification/multimodel_evaluation.py
      hash: md5
      md5: 0f227e39c45ac64373e7d29575795829
      size: 3359
    params:
      params.yaml:
        multiclass_model_params.experiment_name: multiclass_CNNs
        multiclass_model_params.run_name: EfficientNETB0_Evaluation_1
  binary_base_model_building:
    cmd: python -m src.components.binaryclassification.binarybase_model
    deps:
    - path: config/config.yaml
      hash: md5
      md5: 68cdaf61d32038b3446b02b9f015ddaa
      size: 697
    - path: src/components/binaryclassification/binarybase_model.py
      hash: md5
      md5: fc2de176b904d51a75eba039726bcb7e
      size: 2329
    params:
      params.yaml:
        basic_model_params.img_height: 224
        basic_model_params.img_width: 224
        binaryclass_model_params.learning_rate: 0.001
        binaryclass_model_params.loss: binary_crossentropy
        binaryclass_model_params.metrics:
        - accuracy
        binaryclass_model_params.optimizer: Adam
  multi_base_model_building:
    cmd: python -m src.components.multiclassification.multibase_model
    deps:
    - path: config/config.yaml
      hash: md5
      md5: 68cdaf61d32038b3446b02b9f015ddaa
      size: 697
    - path: src/components/multiclassification/multibase_model.py
      hash: md5
      md5: 4a9f326bf25ec958a724a9bcec7e94ca
      size: 2519
    params:
      params.yaml:
        basic_model_params.img_height: 224
        basic_model_params.img_width: 224
        multiclass_model_params.learning_rate: 0.0001
        multiclass_model_params.loss: sparse_categorical_crossentropy
        multiclass_model_params.metrics:
        - accuracy
        multiclass_model_params.num_classes: 4
        multiclass_model_params.optimizer: Adam
