schema: '2.0'
stages:
  data_processing:
    cmd: python -m src.components.data_processing
    deps:
    - path: config/config.yaml
      hash: md5
      md5: 1508b8d31d3941dcd01b6c9f3c112438
      size: 625
    - path: data/raw/images
      hash: md5
      md5: 9dc4cb1700ebd6d8c89682e682aff6a4.dir
      size: 1661580918
      nfiles: 12446
    - path: data/raw/kidneyData.csv
      hash: md5
      md5: f5c8e0c15deaaba15b96f88abe096473
      size: 1505319
    - path: src/components/data_processing.py
      hash: md5
      md5: 5623841dd675c48e8321516a5cbf7c55
      size: 1867
    params:
      params.yaml:
        data_processing.random_state: 27
        data_processing.relation_map:
          0: Cyst
          1: Normal
          2: Stone
          3: Tumor
        data_processing.target_mapping:
          0: 0
          1: 0
          2: 0
          3: 1
        data_processing.test_size: 0.25
    outs:
    - path: data/final/test.csv
      hash: md5
      md5: a8cc517fced25359669e5a4642db56a3
      size: 58408
    - path: data/final/train.csv
      hash: md5
      md5: 79e451adaee3ccc362b92f4c555a9993
      size: 175066
  model_building:
    cmd: python -m src.components.model_building
    deps:
    - path: config/config.yaml
      hash: md5
      md5: 2fd0ed2d8df075b2ba2cc89326c0252d
      size: 839
    - path: src/components/model_building.py
      hash: md5
      md5: 317ad57dfd9760c32f77f91cd756894c
      size: 3487
    params:
      params.yaml:
        binaryclass_model_training.learning_rate: 0.01
        model_building.binary_loss: binary_crossentropy
        model_building.img_height: 224
        model_building.img_width: 224
        model_building.metrics:
        - accuracy
        model_building.multi_loss: sparse_categorical_crossentropy
        model_building.num_classes: 4
        model_building.optimizer: Adam
        multiclass_model_training.learning_rate: 0.01
    outs:
    - path: models/binaryclass/base_binary_model.keras
      hash: md5
      md5: df721eb1282ec88169f60d4c10783f98
      size: 94785960
    - path: models/multiclass/base_multi_model.keras
      hash: md5
      md5: dcbc604138cb1bc32b8b1ff821553180
      size: 94810560
  model_training:
    cmd: python -m src.components.model_training
    deps:
    - path: config/config.yaml
      hash: md5
      md5: 5c721562b650ed52b6fcefeca9065329
      size: 1097
    - path: src/components/model_training.py
      hash: md5
      md5: b9e2f9aea170f9c73d9aa619f3ee9710
      size: 5028
    params:
      params.yaml:
        model_training.batch_size: 16
        model_training.epochs: 1
        model_training.learning_rate: 0.005
    outs:
    - path: models/binaryclass/trained_binary_model.keras
      hash: md5
      md5: d99d29dca9e274ffad71b7366d201846
      size: 94808272
    - path: models/multiclass/trained_multiclass_model.keras
      hash: md5
      md5: 6a99c575ab87f8c7d1ed1e52e7e349ce
      size: 11
  model_evaluation:
    cmd: python -m src.components.model_evaluation
    deps:
    - path: config/config.yaml
      hash: md5
      md5: 5c721562b650ed52b6fcefeca9065329
      size: 1097
    - path: src/components/model_evaluation.py
      hash: md5
      md5: 74f3c989845b4532444dd3aff3adee12
      size: 7899
  binaryclass_training:
    cmd: python -m src.components.binaryclassification.binaryclass_training
    deps:
    - path: config/config.yaml
      hash: md5
      md5: 1508b8d31d3941dcd01b6c9f3c112438
      size: 625
    - path: src/components/binaryclassification/binaryclass_training.py
      hash: md5
      md5: 9e473cabace46777f95217cd2334f741
      size: 2405
    params:
      params.yaml:
        binaryclass_model_params.batch_size: 32
        binaryclass_model_params.epochs: 5
        binaryclass_model_params.learning_rate: 0.005
    outs:
    - path: models/binaryclass/trained_binary_model.keras
      hash: md5
      md5: 3ae325b53d7ad2d9e6e09f19c8188cda
      size: 94808272
  multiclass_training:
    cmd: python -m src.components.multiclassification.multiclass_training
    deps:
    - path: config/config.yaml
      hash: md5
      md5: 1508b8d31d3941dcd01b6c9f3c112438
      size: 625
    - path: src/components/multiclassification/multiclass_training.py
      hash: md5
      md5: faf31cbc82254fbc4fd559a00a2ab4ae
      size: 2390
    params:
      params.yaml:
        multiclass_model_params.batch_size: 32
        multiclass_model_params.epochs: 10
        multiclass_model_params.learning_rate: 0.005
    outs:
    - path: models/multiclass/trained_multi_model.keras
      hash: md5
      md5: b2d70cfd25dc4c5d4dd4d4aa6da57a5c
      size: 94881992
  binaryclass_evaluation:
    cmd: python -m src.components.binaryclassification.binarymodel_evaluation
    deps:
    - path: config/config.yaml
      hash: md5
      md5: 1508b8d31d3941dcd01b6c9f3c112438
      size: 625
    - path: src/components/binaryclassification/binarymodel_evaluation.py
      hash: md5
      md5: 8b77129c34f508a9dbc0304baa511229
      size: 4082
    params:
      params.yaml:
        binaryclass_model_params.experiment_name: binaryclass_CNNs
        binaryclass_model_params.run_name: RESNET50V2_Evaluation_1
  multiclass_evaluation:
    cmd: python -m src.components.multiclassification.multimodel_evaluation
    deps:
    - path: src/components/multiclassification/multimodel_evaluation.py
      hash: md5
      md5: acfa820f6d10b93e2ffe5a2562045e13
      size: 3772
    params:
      params.yaml:
        multiclass_model_params.experiment_name: multiclass_CNNs
        multiclass_model_params.run_name: RESNET50V2_Evaluation_1
  binary_base_model_building:
    cmd: python -m src.components.binaryclassification.binarybase_model
    deps:
    - path: config/config.yaml
      hash: md5
      md5: 1508b8d31d3941dcd01b6c9f3c112438
      size: 625
    - path: src/components/binaryclassification/binarybase_model.py
      hash: md5
      md5: fc2de176b904d51a75eba039726bcb7e
      size: 2329
    params:
      params.yaml:
        basic_model_params.img_height: 224
        basic_model_params.img_width: 224
        binaryclass_model_params.learning_rate: 0.005
        binaryclass_model_params.loss: binary_crossentropy
        binaryclass_model_params.metrics:
        - accuracy
        binaryclass_model_params.optimizer: Adam
    outs:
    - path: models/binaryclass/base_binary_model.keras
      hash: md5
      md5: d5a3639dddad9d0a4db9101218652f52
      size: 94785960
  multi_base_model_building:
    cmd: python -m src.components.multiclassification.multibase_model
    deps:
    - path: config/config.yaml
      hash: md5
      md5: 1508b8d31d3941dcd01b6c9f3c112438
      size: 625
    - path: src/components/multiclassification/multibase_model.py
      hash: md5
      md5: 5afe3440841560e41fd71a14334a793d
      size: 2340
    params:
      params.yaml:
        basic_model_params.img_height: 224
        basic_model_params.img_width: 224
        multiclass_model_params.learning_rate: 0.005
        multiclass_model_params.loss: sparse_categorical_crossentropy
        multiclass_model_params.metrics:
        - accuracy
        multiclass_model_params.num_classes: 4
        multiclass_model_params.optimizer: Adam
    outs:
    - path: models/multiclass/base_multi_model.keras
      hash: md5
      md5: fbaaccf160ab80ddfa8bbec299e62b9e
      size: 94810536
